// !$*UTF8*$!
{
	archiveVersion = 1;
	classes = {
	};
	objectVersion = 46;
	objects = {

/* Begin PBXBuildFile section */
		961DC25115B2A48B00B886EA /* Cocoa.framework in Frameworks */ = {isa = PBXBuildFile; fileRef = 961DC25015B2A48B00B886EA /* Cocoa.framework */; };
		961DC25B15B2A48B00B886EA /* InfoPlist.strings in Resources */ = {isa = PBXBuildFile; fileRef = 961DC25915B2A48B00B886EA /* InfoPlist.strings */; };
		961DC25D15B2A48B00B886EA /* main.m in Sources */ = {isa = PBXBuildFile; fileRef = 961DC25C15B2A48B00B886EA /* main.m */; };
		961DC26115B2A48B00B886EA /* Credits.rtf in Resources */ = {isa = PBXBuildFile; fileRef = 961DC25F15B2A48B00B886EA /* Credits.rtf */; };
		961DC26415B2A48B00B886EA /* SAppDelegate.m in Sources */ = {isa = PBXBuildFile; fileRef = 961DC26315B2A48B00B886EA /* SAppDelegate.m */; };
		961DC26715B2A48B00B886EA /* MainMenu.xib in Resources */ = {isa = PBXBuildFile; fileRef = 961DC26515B2A48B00B886EA /* MainMenu.xib */; };
		961DC26F15B2A48B00B886EA /* SenTestingKit.framework in Frameworks */ = {isa = PBXBuildFile; fileRef = 961DC26E15B2A48B00B886EA /* SenTestingKit.framework */; };
		961DC27015B2A48B00B886EA /* Cocoa.framework in Frameworks */ = {isa = PBXBuildFile; fileRef = 961DC25015B2A48B00B886EA /* Cocoa.framework */; };
		961DC27815B2A48B00B886EA /* InfoPlist.strings in Resources */ = {isa = PBXBuildFile; fileRef = 961DC27615B2A48B00B886EA /* InfoPlist.strings */; };
		961DC27B15B2A48B00B886EA /* DifferenceTests.m in Sources */ = {isa = PBXBuildFile; fileRef = 961DC27A15B2A48B00B886EA /* DifferenceTests.m */; };
		961DC28515B2A77C00B886EA /* FileView.xib in Resources */ = {isa = PBXBuildFile; fileRef = 961DC28415B2A77C00B886EA /* FileView.xib */; };
		961DC28815B2B19400B886EA /* SFileViewController.m in Sources */ = {isa = PBXBuildFile; fileRef = 961DC28715B2B19400B886EA /* SFileViewController.m */; };
/* End PBXBuildFile section */

/* Begin PBXContainerItemProxy section */
		961DC27115B2A48B00B886EA /* PBXContainerItemProxy */ = {
			isa = PBXContainerItemProxy;
			containerPortal = 961DC24315B2A48A00B886EA /* Project object */;
			proxyType = 1;
			remoteGlobalIDString = 961DC24B15B2A48B00B886EA;
			remoteInfo = Difference;
		};
/* End PBXContainerItemProxy section */

/* Begin PBXFileReference section */
		961DC24C15B2A48B00B886EA /* Difference.app */ = {isa = PBXFileReference; explicitFileType = wrapper.application; includeInIndex = 0; path = Difference.app; sourceTree = BUILT_PRODUCTS_DIR; };
		961DC25015B2A48B00B886EA /* Cocoa.framework */ = {isa = PBXFileReference; lastKnownFileType = wrapper.framework; name = Cocoa.framework; path = System/Library/Frameworks/Cocoa.framework; sourceTree = SDKROOT; };
		961DC25315B2A48B00B886EA /* AppKit.framework */ = {isa = PBXFileReference; lastKnownFileType = wrapper.framework; name = AppKit.framework; path = System/Library/Frameworks/AppKit.framework; sourceTree = SDKROOT; };
		961DC25415B2A48B00B886EA /* CoreData.framework */ = {isa = PBXFileReference; lastKnownFileType = wrapper.framework; name = CoreData.framework; path = System/Library/Frameworks/CoreData.framework; sourceTree = SDKROOT; };
		961DC25515B2A48B00B886EA /* Foundation.framework */ = {isa = PBXFileReference; lastKnownFileType = wrapper.framework; name = Foundation.framework; path = System/Library/Frameworks/Foundation.framework; sourceTree = SDKROOT; };
		961DC25815B2A48B00B886EA /* Difference-Info.plist */ = {isa = PBXFileReference; lastKnownFileType = text.plist.xml; path = "Difference-Info.plist"; sourceTree = "<group>"; };
		961DC25A15B2A48B00B886EA /* en */ = {isa = PBXFileReference; lastKnownFileType = text.plist.strings; name = en; path = en.lproj/InfoPlist.strings; sourceTree = "<group>"; };
		961DC25C15B2A48B00B886EA /* main.m */ = {isa = PBXFileReference; lastKnownFileType = sourcecode.c.objc; path = main.m; sourceTree = "<group>"; };
		961DC25E15B2A48B00B886EA /* Difference-Prefix.pch */ = {isa = PBXFileReference; lastKnownFileType = sourcecode.c.h; path = "Difference-Prefix.pch"; sourceTree = "<group>"; };
		961DC26015B2A48B00B886EA /* en */ = {isa = PBXFileReference; lastKnownFileType = text.rtf; name = en; path = en.lproj/Credits.rtf; sourceTree = "<group>"; };
		961DC26215B2A48B00B886EA /* SAppDelegate.h */ = {isa = PBXFileReference; lastKnownFileType = sourcecode.c.h; path = SAppDelegate.h; sourceTree = "<group>"; };
		961DC26315B2A48B00B886EA /* SAppDelegate.m */ = {isa = PBXFileReference; lastKnownFileType = sourcecode.c.objc; path = SAppDelegate.m; sourceTree = "<group>"; };
		961DC26615B2A48B00B886EA /* en */ = {isa = PBXFileReference; lastKnownFileType = file.xib; name = en; path = en.lproj/MainMenu.xib; sourceTree = "<group>"; };
		961DC26D15B2A48B00B886EA /* DifferenceTests.octest */ = {isa = PBXFileReference; explicitFileType = wrapper.cfbundle; includeInIndex = 0; path = DifferenceTests.octest; sourceTree = BUILT_PRODUCTS_DIR; };
		961DC26E15B2A48B00B886EA /* SenTestingKit.framework */ = {isa = PBXFileReference; lastKnownFileType = wrapper.framework; name = SenTestingKit.framework; path = Library/Frameworks/SenTestingKit.framework; sourceTree = DEVELOPER_DIR; };
		961DC27515B2A48B00B886EA /* DifferenceTests-Info.plist */ = {isa = PBXFileReference; lastKnownFileType = text.plist.xml; path = "DifferenceTests-Info.plist"; sourceTree = "<group>"; };
		961DC27715B2A48B00B886EA /* en */ = {isa = PBXFileReference; lastKnownFileType = text.plist.strings; name = en; path = en.lproj/InfoPlist.strings; sourceTree = "<group>"; };
		961DC27915B2A48B00B886EA /* DifferenceTests.h */ = {isa = PBXFileReference; lastKnownFileType = sourcecode.c.h; path = DifferenceTests.h; sourceTree = "<group>"; };
		961DC27A15B2A48B00B886EA /* DifferenceTests.m */ = {isa = PBXFileReference; lastKnownFileType = sourcecode.c.objc; path = DifferenceTests.m; sourceTree = "<group>"; };
		961DC28415B2A77C00B886EA /* FileView.xib */ = {isa = PBXFileReference; fileEncoding = 4; lastKnownFileType = file.xib; path = FileView.xib; sourceTree = "<group>"; };
		961DC28615B2B19400B886EA /* SFileViewController.h */ = {isa = PBXFileReference; fileEncoding = 4; lastKnownFileType = sourcecode.c.h; path = SFileViewController.h; sourceTree = "<group>"; };
		961DC28715B2B19400B886EA /* SFileViewController.m */ = {isa = PBXFileReference; fileEncoding = 4; lastKnownFileType = sourcecode.c.objc; path = SFileViewController.m; sourceTree = "<group>"; };
/* End PBXFileReference section */

/* Begin PBXFrameworksBuildPhase section */
		961DC24915B2A48B00B886EA /* Frameworks */ = {
			isa = PBXFrameworksBuildPhase;
			buildActionMask = 2147483647;
			files = (
				961DC25115B2A48B00B886EA /* Cocoa.framework in Frameworks */,
			);
			runOnlyForDeploymentPostprocessing = 0;
		};
		961DC26915B2A48B00B886EA /* Frameworks */ = {
			isa = PBXFrameworksBuildPhase;
			buildActionMask = 2147483647;
			files = (
				961DC26F15B2A48B00B886EA /* SenTestingKit.framework in Frameworks */,
				961DC27015B2A48B00B886EA /* Cocoa.framework in Frameworks */,
			);
			runOnlyForDeploymentPostprocessing = 0;
		};
/* End PBXFrameworksBuildPhase section */

/* Begin PBXGroup section */
		961DC24115B2A48A00B886EA = {
			isa = PBXGroup;
			children = (
				961DC25615B2A48B00B886EA /* Difference */,
				961DC27315B2A48B00B886EA /* DifferenceTests */,
				961DC24F15B2A48B00B886EA /* Frameworks */,
				961DC24D15B2A48B00B886EA /* Products */,
			);
			sourceTree = "<group>";
		};
		961DC24D15B2A48B00B886EA /* Products */ = {
			isa = PBXGroup;
			children = (
				961DC24C15B2A48B00B886EA /* Difference.app */,
				961DC26D15B2A48B00B886EA /* DifferenceTests.octest */,
			);
			name = Products;
			sourceTree = "<group>";
		};
		961DC24F15B2A48B00B886EA /* Frameworks */ = {
			isa = PBXGroup;
			children = (
				961DC25015B2A48B00B886EA /* Cocoa.framework */,
				961DC26E15B2A48B00B886EA /* SenTestingKit.framework */,
				961DC25215B2A48B00B886EA /* Other Frameworks */,
			);
			name = Frameworks;
			sourceTree = "<group>";
		};
		961DC25215B2A48B00B886EA /* Other Frameworks */ = {
			isa = PBXGroup;
			children = (
				961DC25315B2A48B00B886EA /* AppKit.framework */,
				961DC25415B2A48B00B886EA /* CoreData.framework */,
				961DC25515B2A48B00B886EA /* Foundation.framework */,
			);
			name = "Other Frameworks";
			sourceTree = "<group>";
		};
		961DC25615B2A48B00B886EA /* Difference */ = {
			isa = PBXGroup;
			children = (
				961DC26215B2A48B00B886EA /* SAppDelegate.h */,
				961DC26315B2A48B00B886EA /* SAppDelegate.m */,
				961DC26515B2A48B00B886EA /* MainMenu.xib */,
				961DC25715B2A48B00B886EA /* Supporting Files */,
				961DC28415B2A77C00B886EA /* FileView.xib */,
				961DC28615B2B19400B886EA /* SFileViewController.h */,
				961DC28715B2B19400B886EA /* SFileViewController.m */,
			);
			path = Difference;
			sourceTree = "<group>";
		};
		961DC25715B2A48B00B886EA /* Supporting Files */ = {
			isa = PBXGroup;
			children = (
				961DC25815B2A48B00B886EA /* Difference-Info.plist */,
				961DC25915B2A48B00B886EA /* InfoPlist.strings */,
				961DC25C15B2A48B00B886EA /* main.m */,
				961DC25E15B2A48B00B886EA /* Difference-Prefix.pch */,
				961DC25F15B2A48B00B886EA /* Credits.rtf */,
			);
			name = "Supporting Files";
			sourceTree = "<group>";
		};
		961DC27315B2A48B00B886EA /* DifferenceTests */ = {
			isa = PBXGroup;
			children = (
				961DC27915B2A48B00B886EA /* DifferenceTests.h */,
				961DC27A15B2A48B00B886EA /* DifferenceTests.m */,
				961DC27415B2A48B00B886EA /* Supporting Files */,
			);
			path = DifferenceTests;
			sourceTree = "<group>";
		};
		961DC27415B2A48B00B886EA /* Supporting Files */ = {
			isa = PBXGroup;
			children = (
				961DC27515B2A48B00B886EA /* DifferenceTests-Info.plist */,
				961DC27615B2A48B00B886EA /* InfoPlist.strings */,
			);
			name = "Supporting Files";
			sourceTree = "<group>";
		};
/* End PBXGroup section */

/* Begin PBXNativeTarget section */
		961DC24B15B2A48B00B886EA /* Difference */ = {
			isa = PBXNativeTarget;
			buildConfigurationList = 961DC27E15B2A48B00B886EA /* Build configuration list for PBXNativeTarget "Difference" */;
			buildPhases = (
				961DC24815B2A48B00B886EA /* Sources */,
				961DC24915B2A48B00B886EA /* Frameworks */,
				961DC24A15B2A48B00B886EA /* Resources */,
			);
			buildRules = (
			);
			dependencies = (
			);
			name = Difference;
			productName = Difference;
			productReference = 961DC24C15B2A48B00B886EA /* Difference.app */;
			productType = "com.apple.product-type.application";
		};
		961DC26C15B2A48B00B886EA /* DifferenceTests */ = {
			isa = PBXNativeTarget;
			buildConfigurationList = 961DC28115B2A48B00B886EA /* Build configuration list for PBXNativeTarget "DifferenceTests" */;
			buildPhases = (
				961DC26815B2A48B00B886EA /* Sources */,
				961DC26915B2A48B00B886EA /* Frameworks */,
				961DC26A15B2A48B00B886EA /* Resources */,
				961DC26B15B2A48B00B886EA /* ShellScript */,
			);
			buildRules = (
			);
			dependencies = (
				961DC27215B2A48B00B886EA /* PBXTargetDependency */,
			);
			name = DifferenceTests;
			productName = DifferenceTests;
			productReference = 961DC26D15B2A48B00B886EA /* DifferenceTests.octest */;
			productType = "com.apple.product-type.bundle";
		};
/* End PBXNativeTarget section */

/* Begin PBXProject section */
		961DC24315B2A48A00B886EA /* Project object */ = {
			isa = PBXProject;
			attributes = {
				CLASSPREFIX = S;
				LastUpgradeCheck = 0430;
				ORGANIZATIONNAME = self;
			};
			buildConfigurationList = 961DC24615B2A48A00B886EA /* Build configuration list for PBXProject "Difference" */;
			compatibilityVersion = "Xcode 3.2";
			developmentRegion = English;
			hasScannedForEncodings = 0;
			knownRegions = (
				en,
			);
			mainGroup = 961DC24115B2A48A00B886EA;
			productRefGroup = 961DC24D15B2A48B00B886EA /* Products */;
			projectDirPath = "";
			projectRoot = "";
			targets = (
				961DC24B15B2A48B00B886EA /* Difference */,
				961DC26C15B2A48B00B886EA /* DifferenceTests */,
			);
		};
/* End PBXProject section */

/* Begin PBXResourcesBuildPhase section */
		961DC24A15B2A48B00B886EA /* Resources */ = {
			isa = PBXResourcesBuildPhase;
			buildActionMask = 2147483647;
			files = (
				961DC25B15B2A48B00B886EA /* InfoPlist.strings in Resources */,
				961DC26115B2A48B00B886EA /* Credits.rtf in Resources */,
				961DC26715B2A48B00B886EA /* MainMenu.xib in Resources */,
				961DC28515B2A77C00B886EA /* FileView.xib in Resources */,
			);
			runOnlyForDeploymentPostprocessing = 0;
		};
		961DC26A15B2A48B00B886EA /* Resources */ = {
			isa = PBXResourcesBuildPhase;
			buildActionMask = 2147483647;
			files = (
				961DC27815B2A48B00B886EA /* InfoPlist.strings in Resources */,
			);
			runOnlyForDeploymentPostprocessing = 0;
		};
/* End PBXResourcesBuildPhase section */

/* Begin PBXShellScriptBuildPhase section */
		961DC26B15B2A48B00B886EA /* ShellScript */ = {
			isa = PBXShellScriptBuildPhase;
			buildActionMask = 2147483647;
			files = (
			);
			inputPaths = (
			);
			outputPaths = (
			);
			runOnlyForDeploymentPostprocessing = 0;
			shellPath = /bin/sh;
			shellScript = "# Run the unit tests in this test bundle.\n\"${SYSTEM_DEVELOPER_DIR}/Tools/RunUnitTests\"\n";
		};
/* End PBXShellScriptBuildPhase section */

/* Begin PBXSourcesBuildPhase section */
		961DC24815B2A48B00B886EA /* Sources */ = {
			isa = PBXSourcesBuildPhase;
			buildActionMask = 2147483647;
			files = (
				961DC25D15B2A48B00B886EA /* main.m in Sources */,
				961DC26415B2A48B00B886EA /* SAppDelegate.m in Sources */,
				961DC28815B2B19400B886EA /* SFileViewController.m in Sources */,
			);
			runOnlyForDeploymentPostprocessing = 0;
		};
		961DC26815B2A48B00B886EA /* Sources */ = {
			isa = PBXSourcesBuildPhase;
			buildActionMask = 2147483647;
			files = (
				961DC27B15B2A48B00B886EA /* DifferenceTests.m in Sources */,
			);
			runOnlyForDeploymentPostprocessing = 0;
		};
/* End PBXSourcesBuildPhase section */

/* Begin PBXTargetDependency section */
		961DC27215B2A48B00B886EA /* PBXTargetDependency */ = {
			isa = PBXTargetDependency;
			target = 961DC24B15B2A48B00B886EA /* Difference */;
			targetProxy = 961DC27115B2A48B00B886EA /* PBXContainerItemProxy */;
		};
/* End PBXTargetDependency section */

/* Begin PBXVariantGroup section */
		961DC25915B2A48B00B886EA /* InfoPlist.strings */ = {
			isa = PBXVariantGroup;
			children = (
				961DC25A15B2A48B00B886EA /* en */,
			);
			name = InfoPlist.strings;
			sourceTree = "<group>";
		};
		961DC25F15B2A48B00B886EA /* Credits.rtf */ = {
			isa = PBXVariantGroup;
			children = (
				961DC26015B2A48B00B886EA /* en */,
			);
			name = Credits.rtf;
			sourceTree = "<group>";
		};
		961DC26515B2A48B00B886EA /* MainMenu.xib */ = {
			isa = PBXVariantGroup;
			children = (
				961DC26615B2A48B00B886EA /* en */,
			);
			name = MainMenu.xib;
			sourceTree = "<group>";
		};
		961DC27615B2A48B00B886EA /* InfoPlist.strings */ = {
			isa = PBXVariantGroup;
			children = (
				961DC27715B2A48B00B886EA /* en */,
			);
			name = InfoPlist.strings;
			sourceTree = "<group>";
		};
/* End PBXVariantGroup section */

/* Begin XCBuildConfiguration section */
		961DC27C15B2A48B00B886EA /* Debug */ = {
			isa = XCBuildConfiguration;
			buildSettings = {
				ALWAYS_SEARCH_USER_PATHS = NO;
				ARCHS = "$(ARCHS_STANDARD_64_BIT)";
				CLANG_ENABLE_OBJC_ARC = YES;
				COPY_PHASE_STRIP = NO;
				GCC_C_LANGUAGE_STANDARD = gnu99;
				GCC_DYNAMIC_NO_PIC = NO;
				GCC_ENABLE_OBJC_EXCEPTIONS = YES;
				GCC_OPTIMIZATION_LEVEL = 0;
				GCC_PREPROCESSOR_DEFINITIONS = (
					"DEBUG=1",
					"$(inherited)",
				);
				GCC_SYMBOLS_PRIVATE_EXTERN = NO;
				GCC_VERSION = com.apple.compilers.llvm.clang.1_0;
				GCC_WARN_64_TO_32_BIT_CONVERSION = YES;
				GCC_WARN_ABOUT_RETURN_TYPE = YES;
				GCC_WARN_UNINITIALIZED_AUTOS = YES;
				GCC_WARN_UNUSED_VARIABLE = YES;
				MACOSX_DEPLOYMENT_TARGET = 10.7;
				ONLY_ACTIVE_ARCH = YES;
				SDKROOT = macosx;
			};
			name = Debug;
		};
		961DC27D15B2A48B00B886EA /* Release */ = {
			isa = XCBuildConfiguration;
			buildSettings = {
				ALWAYS_SEARCH_USER_PATHS = NO;
				ARCHS = "$(ARCHS_STANDARD_64_BIT)";
				CLANG_ENABLE_OBJC_ARC = YES;
				COPY_PHASE_STRIP = YES;
				DEBUG_INFORMATION_FORMAT = "dwarf-with-dsym";
				GCC_C_LANGUAGE_STANDARD = gnu99;
				GCC_ENABLE_OBJC_EXCEPTIONS = YES;
				GCC_VERSION = com.apple.compilers.llvm.clang.1_0;
				GCC_WARN_64_TO_32_BIT_CONVERSION = YES;
				GCC_WARN_ABOUT_RETURN_TYPE = YES;
				GCC_WARN_UNINITIALIZED_AUTOS = YES;
				GCC_WARN_UNUSED_VARIABLE = YES;
				MACOSX_DEPLOYMENT_TARGET = 10.7;
				SDKROOT = macosx;
			};
			name = Release;
		};
		961DC27F15B2A48B00B886EA /* Debug */ = {
			isa = XCBuildConfiguration;
			buildSettings = {
				GCC_PRECOMPILE_PREFIX_HEADER = YES;
				GCC_PREFIX_HEADER = "Difference/Difference-Prefix.pch";
				INFOPLIST_FILE = "Difference/Difference-Info.plist";
				PRODUCT_NAME = "$(TARGET_NAME)";
				WRAPPER_EXTENSION = app;
			};
			name = Debug;
		};
		961DC28015B2A48B00B886EA /* Release */ = {
			isa = XCBuildConfiguration;
			buildSettings = {
				GCC_PRECOMPILE_PREFIX_HEADER = YES;
				GCC_PREFIX_HEADER = "Difference/Difference-Prefix.pch";
				INFOPLIST_FILE = "Difference/Difference-Info.plist";
				PRODUCT_NAME = "$(TARGET_NAME)";
				WRAPPER_EXTENSION = app;
			};
			name = Release;
		};
		961DC28215B2A48B00B886EA /* Debug */ = {
			isa = XCBuildConfiguration;
			buildSettings = {
				BUNDLE_LOADER = "$(BUILT_PRODUCTS_DIR)/Difference.app/Contents/MacOS/Difference";
				FRAMEWORK_SEARCH_PATHS = "$(DEVELOPER_LIBRARY_DIR)/Frameworks";
				GCC_PRECOMPILE_PREFIX_HEADER = YES;
				GCC_PREFIX_HEADER = "Difference/Difference-Prefix.pch";
				INFOPLIST_FILE = "DifferenceTests/DifferenceTests-Info.plist";
				PRODUCT_NAME = "$(TARGET_NAME)";
				TEST_HOST = "$(BUNDLE_LOADER)";
				WRAPPER_EXTENSION = octest;
			};
			name = Debug;
		};
		961DC28315B2A48B00B886EA /* Release */ = {
			isa = XCBuildConfiguration;
			buildSettings = {
				BUNDLE_LOADER = "$(BUILT_PRODUCTS_DIR)/Difference.app/Contents/MacOS/Difference";
				FRAMEWORK_SEARCH_PATHS = "$(DEVELOPER_LIBRARY_DIR)/Frameworks";
				GCC_PRECOMPILE_PREFIX_HEADER = YES;
				GCC_PREFIX_HEADER = "Difference/Difference-Prefix.pch";
				INFOPLIST_FILE = "DifferenceTests/DifferenceTests-Info.plist";
				PRODUCT_NAME = "$(TARGET_NAME)";
				TEST_HOST = "$(BUNDLE_LOADER)";
				WRAPPER_EXTENSION = octest;
			};
			name = Release;
		};
/* End XCBuildConfiguration section */

/* Begin XCConfigurationList section */
		961DC24615B2A48A00B886EA /* Build configuration list for PBXProject "Difference" */ = {
			isa = XCConfigurationList;
			buildConfigurations = (
				961DC27C15B2A48B00B886EA /* Debug */,
				961DC27D15B2A48B00B886EA /* Release */,
			);
			defaultConfigurationIsVisible = 0;
			defaultConfigurationName = Release;
		};
		961DC27E15B2A48B00B886EA /* Build configuration list for PBXNativeTarget "Difference" */ = {
			isa = XCConfigurationList;
			buildConfigurations = (
				961DC27F15B2A48B00B886EA /* Debug */,
				961DC28015B2A48B00B886EA /* Release */,
			);
			defaultConfigurationIsVisible = 0;
		};
		961DC28115B2A48B00B886EA /* Build configuration list for PBXNativeTarget "DifferenceTests" */ = {
			isa = XCConfigurationList;
			buildConfigurations = (
				961DC28215B2A48B00B886EA /* Debug */,
				961DC28315B2A48B00B886EA /* Release */,
			);
			defaultConfigurationIsVisible = 0;
		};
/* End XCConfigurationList section */
	};
	rootObject = 961DC24315B2A48A00B886EA /* Project object */;
}
